
Microsoft Visual Studio Solution File, Format Version 12.00
# Visual Studio Version 17
VisualStudioVersion = 17.0.31903.59
MinimumVisualStudioVersion = 10.0.40219.1
Project("{F2A71F9B-5D33-465A-A702-920D77279786}") = "FsharpTodoApp.Presentation", "FsharpTodoApp.Presentation\FsharpTodoApp.Presentation.fsproj", "{BCA02A83-C547-464C-BD82-FFFE819593BA}"
EndProject
Project("{F2A71F9B-5D33-465A-A702-920D77279786}") = "FsharpTodoApp.Domain", "FsharpTodoApp.Domain\FsharpTodoApp.Domain.fsproj", "{279EFC5A-4E62-45BF-AA5B-F3F4FCDCDDBA}"
EndProject
Project("{F2A71F9B-5D33-465A-A702-920D77279786}") = "FsharpTodoApp.Application", "FsharpTodoApp.Application\FsharpTodoApp.Application.fsproj", "{6795CE4A-C7A2-43E8-8F06-4B5917DAA203}"
EndProject
Project("{F2A71F9B-5D33-465A-A702-920D77279786}") = "FsharpTodoApp.Infrastructure", "FsharpTodoApp.Infrastructure\FsharpTodoApp.Infrastructure.fsproj", "{6EAAE5E0-1990-4C73-805F-FBD37CF12CC5}"
EndProject
Project("{FAE04EC0-301F-11D3-BF4B-00C04F79EFBC}") = "FsharpTodoApp.Persistence", "FsharpTodoApp.Persistence\FsharpTodoApp.Persistence.csproj", "{41E907FE-2EFF-412B-AD8D-F2FFE2F769D1}"
EndProject
Global
	GlobalSection(SolutionConfigurationPlatforms) = preSolution
		Debug|Any CPU = Debug|Any CPU
		Debug|x64 = Debug|x64
		Debug|x86 = Debug|x86
		Release|Any CPU = Release|Any CPU
		Release|x64 = Release|x64
		Release|x86 = Release|x86
	EndGlobalSection
	GlobalSection(ProjectConfigurationPlatforms) = postSolution
		{BCA02A83-C547-464C-BD82-FFFE819593BA}.Debug|Any CPU.ActiveCfg = Debug|Any CPU
		{BCA02A83-C547-464C-BD82-FFFE819593BA}.Debug|Any CPU.Build.0 = Debug|Any CPU
		{BCA02A83-C547-464C-BD82-FFFE819593BA}.Debug|x64.ActiveCfg = Debug|Any CPU
		{BCA02A83-C547-464C-BD82-FFFE819593BA}.Debug|x64.Build.0 = Debug|Any CPU
		{BCA02A83-C547-464C-BD82-FFFE819593BA}.Debug|x86.ActiveCfg = Debug|Any CPU
		{BCA02A83-C547-464C-BD82-FFFE819593BA}.Debug|x86.Build.0 = Debug|Any CPU
		{BCA02A83-C547-464C-BD82-FFFE819593BA}.Release|Any CPU.ActiveCfg = Release|Any CPU
		{BCA02A83-C547-464C-BD82-FFFE819593BA}.Release|Any CPU.Build.0 = Release|Any CPU
		{BCA02A83-C547-464C-BD82-FFFE819593BA}.Release|x64.ActiveCfg = Release|Any CPU
		{BCA02A83-C547-464C-BD82-FFFE819593BA}.Release|x64.Build.0 = Release|Any CPU
		{BCA02A83-C547-464C-BD82-FFFE819593BA}.Release|x86.ActiveCfg = Release|Any CPU
		{BCA02A83-C547-464C-BD82-FFFE819593BA}.Release|x86.Build.0 = Release|Any CPU
		{279EFC5A-4E62-45BF-AA5B-F3F4FCDCDDBA}.Debug|Any CPU.ActiveCfg = Debug|Any CPU
		{279EFC5A-4E62-45BF-AA5B-F3F4FCDCDDBA}.Debug|Any CPU.Build.0 = Debug|Any CPU
		{279EFC5A-4E62-45BF-AA5B-F3F4FCDCDDBA}.Debug|x64.ActiveCfg = Debug|Any CPU
		{279EFC5A-4E62-45BF-AA5B-F3F4FCDCDDBA}.Debug|x64.Build.0 = Debug|Any CPU
		{279EFC5A-4E62-45BF-AA5B-F3F4FCDCDDBA}.Debug|x86.ActiveCfg = Debug|Any CPU
		{279EFC5A-4E62-45BF-AA5B-F3F4FCDCDDBA}.Debug|x86.Build.0 = Debug|Any CPU
		{279EFC5A-4E62-45BF-AA5B-F3F4FCDCDDBA}.Release|Any CPU.ActiveCfg = Release|Any CPU
		{279EFC5A-4E62-45BF-AA5B-F3F4FCDCDDBA}.Release|Any CPU.Build.0 = Release|Any CPU
		{279EFC5A-4E62-45BF-AA5B-F3F4FCDCDDBA}.Release|x64.ActiveCfg = Release|Any CPU
		{279EFC5A-4E62-45BF-AA5B-F3F4FCDCDDBA}.Release|x64.Build.0 = Release|Any CPU
		{279EFC5A-4E62-45BF-AA5B-F3F4FCDCDDBA}.Release|x86.ActiveCfg = Release|Any CPU
		{279EFC5A-4E62-45BF-AA5B-F3F4FCDCDDBA}.Release|x86.Build.0 = Release|Any CPU
		{6795CE4A-C7A2-43E8-8F06-4B5917DAA203}.Debug|Any CPU.ActiveCfg = Debug|Any CPU
		{6795CE4A-C7A2-43E8-8F06-4B5917DAA203}.Debug|Any CPU.Build.0 = Debug|Any CPU
		{6795CE4A-C7A2-43E8-8F06-4B5917DAA203}.Debug|x64.ActiveCfg = Debug|Any CPU
		{6795CE4A-C7A2-43E8-8F06-4B5917DAA203}.Debug|x64.Build.0 = Debug|Any CPU
		{6795CE4A-C7A2-43E8-8F06-4B5917DAA203}.Debug|x86.ActiveCfg = Debug|Any CPU
		{6795CE4A-C7A2-43E8-8F06-4B5917DAA203}.Debug|x86.Build.0 = Debug|Any CPU
		{6795CE4A-C7A2-43E8-8F06-4B5917DAA203}.Release|Any CPU.ActiveCfg = Release|Any CPU
		{6795CE4A-C7A2-43E8-8F06-4B5917DAA203}.Release|Any CPU.Build.0 = Release|Any CPU
		{6795CE4A-C7A2-43E8-8F06-4B5917DAA203}.Release|x64.ActiveCfg = Release|Any CPU
		{6795CE4A-C7A2-43E8-8F06-4B5917DAA203}.Release|x64.Build.0 = Release|Any CPU
		{6795CE4A-C7A2-43E8-8F06-4B5917DAA203}.Release|x86.ActiveCfg = Release|Any CPU
		{6795CE4A-C7A2-43E8-8F06-4B5917DAA203}.Release|x86.Build.0 = Release|Any CPU
		{6EAAE5E0-1990-4C73-805F-FBD37CF12CC5}.Debug|Any CPU.ActiveCfg = Debug|Any CPU
		{6EAAE5E0-1990-4C73-805F-FBD37CF12CC5}.Debug|Any CPU.Build.0 = Debug|Any CPU
		{6EAAE5E0-1990-4C73-805F-FBD37CF12CC5}.Debug|x64.ActiveCfg = Debug|Any CPU
		{6EAAE5E0-1990-4C73-805F-FBD37CF12CC5}.Debug|x64.Build.0 = Debug|Any CPU
		{6EAAE5E0-1990-4C73-805F-FBD37CF12CC5}.Debug|x86.ActiveCfg = Debug|Any CPU
		{6EAAE5E0-1990-4C73-805F-FBD37CF12CC5}.Debug|x86.Build.0 = Debug|Any CPU
		{6EAAE5E0-1990-4C73-805F-FBD37CF12CC5}.Release|Any CPU.ActiveCfg = Release|Any CPU
		{6EAAE5E0-1990-4C73-805F-FBD37CF12CC5}.Release|Any CPU.Build.0 = Release|Any CPU
		{6EAAE5E0-1990-4C73-805F-FBD37CF12CC5}.Release|x64.ActiveCfg = Release|Any CPU
		{6EAAE5E0-1990-4C73-805F-FBD37CF12CC5}.Release|x64.Build.0 = Release|Any CPU
		{6EAAE5E0-1990-4C73-805F-FBD37CF12CC5}.Release|x86.ActiveCfg = Release|Any CPU
		{6EAAE5E0-1990-4C73-805F-FBD37CF12CC5}.Release|x86.Build.0 = Release|Any CPU
		{41E907FE-2EFF-412B-AD8D-F2FFE2F769D1}.Debug|Any CPU.ActiveCfg = Debug|Any CPU
		{41E907FE-2EFF-412B-AD8D-F2FFE2F769D1}.Debug|Any CPU.Build.0 = Debug|Any CPU
		{41E907FE-2EFF-412B-AD8D-F2FFE2F769D1}.Debug|x64.ActiveCfg = Debug|Any CPU
		{41E907FE-2EFF-412B-AD8D-F2FFE2F769D1}.Debug|x64.Build.0 = Debug|Any CPU
		{41E907FE-2EFF-412B-AD8D-F2FFE2F769D1}.Debug|x86.ActiveCfg = Debug|Any CPU
		{41E907FE-2EFF-412B-AD8D-F2FFE2F769D1}.Debug|x86.Build.0 = Debug|Any CPU
		{41E907FE-2EFF-412B-AD8D-F2FFE2F769D1}.Release|Any CPU.ActiveCfg = Release|Any CPU
		{41E907FE-2EFF-412B-AD8D-F2FFE2F769D1}.Release|Any CPU.Build.0 = Release|Any CPU
		{41E907FE-2EFF-412B-AD8D-F2FFE2F769D1}.Release|x64.ActiveCfg = Release|Any CPU
		{41E907FE-2EFF-412B-AD8D-F2FFE2F769D1}.Release|x64.Build.0 = Release|Any CPU
		{41E907FE-2EFF-412B-AD8D-F2FFE2F769D1}.Release|x86.ActiveCfg = Release|Any CPU
		{41E907FE-2EFF-412B-AD8D-F2FFE2F769D1}.Release|x86.Build.0 = Release|Any CPU
	EndGlobalSection
	GlobalSection(SolutionProperties) = preSolution
		HideSolutionNode = FALSE
	EndGlobalSection
EndGlobal
